
Microsoft Visual Studio Solution File, Format Version 12.00
# Visual Studio Version 17
VisualStudioVersion = 17.5.2.0
MinimumVisualStudioVersion = 8.0.40219.1
Project("{FAE04EC0-301F-11D3-BF4B-00C04F79EFBC}") = "AuthService", "AuthService\AuthService.csproj", "{6CDAB7B3-DE4F-6FF5-06F0-D824F083F1AF}"
EndProject
Project("{FAE04EC0-301F-11D3-BF4B-00C04F79EFBC}") = "AlertService", "AlertService\AlertService.csproj", "{3A3EC9A9-0053-4CE6-B3D1-191DEED61983}"
EndProject
Project("{FAE04EC0-301F-11D3-BF4B-00C04F79EFBC}") = "AlertService.Tests", "AlertService.Tests\AlertService.Tests.csproj", "{E4FD0A57-9C9E-4A28-8E1D-30267665C2A0}"
EndProject
Project("{FAE04EC0-301F-11D3-BF4B-00C04F79EFBC}") = "AuthService.Tests", "AuthService.Tests\AuthService.Tests.csproj", "{BC28C330-285C-4AB6-ACA2-09D5FD142C14}"
EndProject
Project("{FAE04EC0-301F-11D3-BF4B-00C04F79EFBC}") = "MovementService", "MovementService\MovementService.csproj", "{228B28AC-4C62-4719-8D02-0B355CD208E6}"
EndProject
Project("{FAE04EC0-301F-11D3-BF4B-00C04F79EFBC}") = "MovementService.Tests", "MovementService.Tests\MovementService.Tests.csproj", "{39812990-C19B-475F-B7F4-8DB2B53CB69F}"
EndProject
Project("{FAE04EC0-301F-11D3-BF4B-00C04F79EFBC}") = "ProductService", "ProductService\ProductService.csproj", "{1BF52C90-1D62-4AC5-BB11-AADF1AB83AB6}"
EndProject
Project("{FAE04EC0-301F-11D3-BF4B-00C04F79EFBC}") = "ProductService.Tests", "ProductService.Tests\ProductService.Tests.csproj", "{C5E9E678-5D01-40DB-A3ED-00DF68ED7E64}"
EndProject
Project("{FAE04EC0-301F-11D3-BF4B-00C04F79EFBC}") = "PurchaseService", "PurchaseService\PurchaseService.csproj", "{1A98EA45-B428-45E8-BBB5-C9CAA46A765D}"
EndProject
Project("{FAE04EC0-301F-11D3-BF4B-00C04F79EFBC}") = "PurchaseService.Tests", "PurchaseService.Tests\PurchaseService.Tests.csproj", "{E33498C7-5C6A-4E0A-8695-3957A9029995}"
EndProject
Project("{FAE04EC0-301F-11D3-BF4B-00C04F79EFBC}") = "ReportService", "ReportService\ReportService.csproj", "{E94550CF-E61E-4CCC-A6AA-5F22C94B13D7}"
EndProject
Project("{FAE04EC0-301F-11D3-BF4B-00C04F79EFBC}") = "SupplierService", "SupplierService\SupplierService.csproj", "{3233D762-828D-477E-AEDB-0300ACD9ABD9}"
EndProject
Project("{FAE04EC0-301F-11D3-BF4B-00C04F79EFBC}") = "SupplierService.Tests", "SupplierService.Tests\SupplierService.Tests.csproj", "{8437B249-B11F-4DA2-BC2F-C222A858AEE0}"
EndProject
Project("{FAE04EC0-301F-11D3-BF4B-00C04F79EFBC}") = "WarehouseService", "WarehouseService\WarehouseService.csproj", "{CC9BB7A1-A29A-4453-A201-C59EC0C7F32B}"
EndProject
Project("{FAE04EC0-301F-11D3-BF4B-00C04F79EFBC}") = "WarehouseService.Tests", "WarehouseService.Tests\WarehouseService.Tests.csproj", "{17C899C6-7171-4E4A-89AC-251BAB9E3F4E}"
EndProject
Global
	GlobalSection(SolutionConfigurationPlatforms) = preSolution
		Debug|Any CPU = Debug|Any CPU
		Debug|x64 = Debug|x64
		Debug|x86 = Debug|x86
		Release|Any CPU = Release|Any CPU
		Release|x64 = Release|x64
		Release|x86 = Release|x86
	EndGlobalSection
	GlobalSection(ProjectConfigurationPlatforms) = postSolution
		{6CDAB7B3-DE4F-6FF5-06F0-D824F083F1AF}.Debug|Any CPU.ActiveCfg = Debug|Any CPU
		{6CDAB7B3-DE4F-6FF5-06F0-D824F083F1AF}.Debug|Any CPU.Build.0 = Debug|Any CPU
		{6CDAB7B3-DE4F-6FF5-06F0-D824F083F1AF}.Debug|x64.ActiveCfg = Debug|Any CPU
		{6CDAB7B3-DE4F-6FF5-06F0-D824F083F1AF}.Debug|x64.Build.0 = Debug|Any CPU
		{6CDAB7B3-DE4F-6FF5-06F0-D824F083F1AF}.Debug|x86.ActiveCfg = Debug|Any CPU
		{6CDAB7B3-DE4F-6FF5-06F0-D824F083F1AF}.Debug|x86.Build.0 = Debug|Any CPU
		{6CDAB7B3-DE4F-6FF5-06F0-D824F083F1AF}.Release|Any CPU.ActiveCfg = Release|Any CPU
		{6CDAB7B3-DE4F-6FF5-06F0-D824F083F1AF}.Release|Any CPU.Build.0 = Release|Any CPU
		{6CDAB7B3-DE4F-6FF5-06F0-D824F083F1AF}.Release|x64.ActiveCfg = Release|Any CPU
		{6CDAB7B3-DE4F-6FF5-06F0-D824F083F1AF}.Release|x64.Build.0 = Release|Any CPU
		{6CDAB7B3-DE4F-6FF5-06F0-D824F083F1AF}.Release|x86.ActiveCfg = Release|Any CPU
		{6CDAB7B3-DE4F-6FF5-06F0-D824F083F1AF}.Release|x86.Build.0 = Release|Any CPU
		{3A3EC9A9-0053-4CE6-B3D1-191DEED61983}.Debug|Any CPU.ActiveCfg = Debug|Any CPU
		{3A3EC9A9-0053-4CE6-B3D1-191DEED61983}.Debug|Any CPU.Build.0 = Debug|Any CPU
		{3A3EC9A9-0053-4CE6-B3D1-191DEED61983}.Debug|x64.ActiveCfg = Debug|Any CPU
		{3A3EC9A9-0053-4CE6-B3D1-191DEED61983}.Debug|x64.Build.0 = Debug|Any CPU
		{3A3EC9A9-0053-4CE6-B3D1-191DEED61983}.Debug|x86.ActiveCfg = Debug|Any CPU
		{3A3EC9A9-0053-4CE6-B3D1-191DEED61983}.Debug|x86.Build.0 = Debug|Any CPU
		{3A3EC9A9-0053-4CE6-B3D1-191DEED61983}.Release|Any CPU.ActiveCfg = Release|Any CPU
		{3A3EC9A9-0053-4CE6-B3D1-191DEED61983}.Release|Any CPU.Build.0 = Release|Any CPU
		{3A3EC9A9-0053-4CE6-B3D1-191DEED61983}.Release|x64.ActiveCfg = Release|Any CPU
		{3A3EC9A9-0053-4CE6-B3D1-191DEED61983}.Release|x64.Build.0 = Release|Any CPU
		{3A3EC9A9-0053-4CE6-B3D1-191DEED61983}.Release|x86.ActiveCfg = Release|Any CPU
		{3A3EC9A9-0053-4CE6-B3D1-191DEED61983}.Release|x86.Build.0 = Release|Any CPU
		{E4FD0A57-9C9E-4A28-8E1D-30267665C2A0}.Debug|Any CPU.ActiveCfg = Debug|Any CPU
		{E4FD0A57-9C9E-4A28-8E1D-30267665C2A0}.Debug|Any CPU.Build.0 = Debug|Any CPU
		{E4FD0A57-9C9E-4A28-8E1D-30267665C2A0}.Debug|x64.ActiveCfg = Debug|Any CPU
		{E4FD0A57-9C9E-4A28-8E1D-30267665C2A0}.Debug|x64.Build.0 = Debug|Any CPU
		{E4FD0A57-9C9E-4A28-8E1D-30267665C2A0}.Debug|x86.ActiveCfg = Debug|Any CPU
		{E4FD0A57-9C9E-4A28-8E1D-30267665C2A0}.Debug|x86.Build.0 = Debug|Any CPU
		{E4FD0A57-9C9E-4A28-8E1D-30267665C2A0}.Release|Any CPU.ActiveCfg = Release|Any CPU
		{E4FD0A57-9C9E-4A28-8E1D-30267665C2A0}.Release|Any CPU.Build.0 = Release|Any CPU
		{E4FD0A57-9C9E-4A28-8E1D-30267665C2A0}.Release|x64.ActiveCfg = Release|Any CPU
		{E4FD0A57-9C9E-4A28-8E1D-30267665C2A0}.Release|x64.Build.0 = Release|Any CPU
		{E4FD0A57-9C9E-4A28-8E1D-30267665C2A0}.Release|x86.ActiveCfg = Release|Any CPU
		{E4FD0A57-9C9E-4A28-8E1D-30267665C2A0}.Release|x86.Build.0 = Release|Any CPU
		{BC28C330-285C-4AB6-ACA2-09D5FD142C14}.Debug|Any CPU.ActiveCfg = Debug|Any CPU
		{BC28C330-285C-4AB6-ACA2-09D5FD142C14}.Debug|Any CPU.Build.0 = Debug|Any CPU
		{BC28C330-285C-4AB6-ACA2-09D5FD142C14}.Debug|x64.ActiveCfg = Debug|Any CPU
		{BC28C330-285C-4AB6-ACA2-09D5FD142C14}.Debug|x64.Build.0 = Debug|Any CPU
		{BC28C330-285C-4AB6-ACA2-09D5FD142C14}.Debug|x86.ActiveCfg = Debug|Any CPU
		{BC28C330-285C-4AB6-ACA2-09D5FD142C14}.Debug|x86.Build.0 = Debug|Any CPU
		{BC28C330-285C-4AB6-ACA2-09D5FD142C14}.Release|Any CPU.ActiveCfg = Release|Any CPU
		{BC28C330-285C-4AB6-ACA2-09D5FD142C14}.Release|Any CPU.Build.0 = Release|Any CPU
		{BC28C330-285C-4AB6-ACA2-09D5FD142C14}.Release|x64.ActiveCfg = Release|Any CPU
		{BC28C330-285C-4AB6-ACA2-09D5FD142C14}.Release|x64.Build.0 = Release|Any CPU
		{BC28C330-285C-4AB6-ACA2-09D5FD142C14}.Release|x86.ActiveCfg = Release|Any CPU
		{BC28C330-285C-4AB6-ACA2-09D5FD142C14}.Release|x86.Build.0 = Release|Any CPU
		{228B28AC-4C62-4719-8D02-0B355CD208E6}.Debug|Any CPU.ActiveCfg = Debug|Any CPU
		{228B28AC-4C62-4719-8D02-0B355CD208E6}.Debug|Any CPU.Build.0 = Debug|Any CPU
		{228B28AC-4C62-4719-8D02-0B355CD208E6}.Debug|x64.ActiveCfg = Debug|Any CPU
		{228B28AC-4C62-4719-8D02-0B355CD208E6}.Debug|x64.Build.0 = Debug|Any CPU
		{228B28AC-4C62-4719-8D02-0B355CD208E6}.Debug|x86.ActiveCfg = Debug|Any CPU
		{228B28AC-4C62-4719-8D02-0B355CD208E6}.Debug|x86.Build.0 = Debug|Any CPU
		{228B28AC-4C62-4719-8D02-0B355CD208E6}.Release|Any CPU.ActiveCfg = Release|Any CPU
		{228B28AC-4C62-4719-8D02-0B355CD208E6}.Release|Any CPU.Build.0 = Release|Any CPU
		{228B28AC-4C62-4719-8D02-0B355CD208E6}.Release|x64.ActiveCfg = Release|Any CPU
		{228B28AC-4C62-4719-8D02-0B355CD208E6}.Release|x64.Build.0 = Release|Any CPU
		{228B28AC-4C62-4719-8D02-0B355CD208E6}.Release|x86.ActiveCfg = Release|Any CPU
		{228B28AC-4C62-4719-8D02-0B355CD208E6}.Release|x86.Build.0 = Release|Any CPU
		{39812990-C19B-475F-B7F4-8DB2B53CB69F}.Debug|Any CPU.ActiveCfg = Debug|Any CPU
		{39812990-C19B-475F-B7F4-8DB2B53CB69F}.Debug|Any CPU.Build.0 = Debug|Any CPU
		{39812990-C19B-475F-B7F4-8DB2B53CB69F}.Debug|x64.ActiveCfg = Debug|Any CPU
		{39812990-C19B-475F-B7F4-8DB2B53CB69F}.Debug|x64.Build.0 = Debug|Any CPU
		{39812990-C19B-475F-B7F4-8DB2B53CB69F}.Debug|x86.ActiveCfg = Debug|Any CPU
		{39812990-C19B-475F-B7F4-8DB2B53CB69F}.Debug|x86.Build.0 = Debug|Any CPU
		{39812990-C19B-475F-B7F4-8DB2B53CB69F}.Release|Any CPU.ActiveCfg = Release|Any CPU
		{39812990-C19B-475F-B7F4-8DB2B53CB69F}.Release|Any CPU.Build.0 = Release|Any CPU
		{39812990-C19B-475F-B7F4-8DB2B53CB69F}.Release|x64.ActiveCfg = Release|Any CPU
		{39812990-C19B-475F-B7F4-8DB2B53CB69F}.Release|x64.Build.0 = Release|Any CPU
		{39812990-C19B-475F-B7F4-8DB2B53CB69F}.Release|x86.ActiveCfg = Release|Any CPU
		{39812990-C19B-475F-B7F4-8DB2B53CB69F}.Release|x86.Build.0 = Release|Any CPU
		{1BF52C90-1D62-4AC5-BB11-AADF1AB83AB6}.Debug|Any CPU.ActiveCfg = Debug|Any CPU
		{1BF52C90-1D62-4AC5-BB11-AADF1AB83AB6}.Debug|Any CPU.Build.0 = Debug|Any CPU
		{1BF52C90-1D62-4AC5-BB11-AADF1AB83AB6}.Debug|x64.ActiveCfg = Debug|Any CPU
		{1BF52C90-1D62-4AC5-BB11-AADF1AB83AB6}.Debug|x64.Build.0 = Debug|Any CPU
		{1BF52C90-1D62-4AC5-BB11-AADF1AB83AB6}.Debug|x86.ActiveCfg = Debug|Any CPU
		{1BF52C90-1D62-4AC5-BB11-AADF1AB83AB6}.Debug|x86.Build.0 = Debug|Any CPU
		{1BF52C90-1D62-4AC5-BB11-AADF1AB83AB6}.Release|Any CPU.ActiveCfg = Release|Any CPU
		{1BF52C90-1D62-4AC5-BB11-AADF1AB83AB6}.Release|Any CPU.Build.0 = Release|Any CPU
		{1BF52C90-1D62-4AC5-BB11-AADF1AB83AB6}.Release|x64.ActiveCfg = Release|Any CPU
		{1BF52C90-1D62-4AC5-BB11-AADF1AB83AB6}.Release|x64.Build.0 = Release|Any CPU
		{1BF52C90-1D62-4AC5-BB11-AADF1AB83AB6}.Release|x86.ActiveCfg = Release|Any CPU
		{1BF52C90-1D62-4AC5-BB11-AADF1AB83AB6}.Release|x86.Build.0 = Release|Any CPU
		{C5E9E678-5D01-40DB-A3ED-00DF68ED7E64}.Debug|Any CPU.ActiveCfg = Debug|Any CPU
		{C5E9E678-5D01-40DB-A3ED-00DF68ED7E64}.Debug|Any CPU.Build.0 = Debug|Any CPU
		{C5E9E678-5D01-40DB-A3ED-00DF68ED7E64}.Debug|x64.ActiveCfg = Debug|Any CPU
		{C5E9E678-5D01-40DB-A3ED-00DF68ED7E64}.Debug|x64.Build.0 = Debug|Any CPU
		{C5E9E678-5D01-40DB-A3ED-00DF68ED7E64}.Debug|x86.ActiveCfg = Debug|Any CPU
		{C5E9E678-5D01-40DB-A3ED-00DF68ED7E64}.Debug|x86.Build.0 = Debug|Any CPU
		{C5E9E678-5D01-40DB-A3ED-00DF68ED7E64}.Release|Any CPU.ActiveCfg = Release|Any CPU
		{C5E9E678-5D01-40DB-A3ED-00DF68ED7E64}.Release|Any CPU.Build.0 = Release|Any CPU
		{C5E9E678-5D01-40DB-A3ED-00DF68ED7E64}.Release|x64.ActiveCfg = Release|Any CPU
		{C5E9E678-5D01-40DB-A3ED-00DF68ED7E64}.Release|x64.Build.0 = Release|Any CPU
		{C5E9E678-5D01-40DB-A3ED-00DF68ED7E64}.Release|x86.ActiveCfg = Release|Any CPU
		{C5E9E678-5D01-40DB-A3ED-00DF68ED7E64}.Release|x86.Build.0 = Release|Any CPU
		{1A98EA45-B428-45E8-BBB5-C9CAA46A765D}.Debug|Any CPU.ActiveCfg = Debug|Any CPU
		{1A98EA45-B428-45E8-BBB5-C9CAA46A765D}.Debug|Any CPU.Build.0 = Debug|Any CPU
		{1A98EA45-B428-45E8-BBB5-C9CAA46A765D}.Debug|x64.ActiveCfg = Debug|Any CPU
		{1A98EA45-B428-45E8-BBB5-C9CAA46A765D}.Debug|x64.Build.0 = Debug|Any CPU
		{1A98EA45-B428-45E8-BBB5-C9CAA46A765D}.Debug|x86.ActiveCfg = Debug|Any CPU
		{1A98EA45-B428-45E8-BBB5-C9CAA46A765D}.Debug|x86.Build.0 = Debug|Any CPU
		{1A98EA45-B428-45E8-BBB5-C9CAA46A765D}.Release|Any CPU.ActiveCfg = Release|Any CPU
		{1A98EA45-B428-45E8-BBB5-C9CAA46A765D}.Release|Any CPU.Build.0 = Release|Any CPU
		{1A98EA45-B428-45E8-BBB5-C9CAA46A765D}.Release|x64.ActiveCfg = Release|Any CPU
		{1A98EA45-B428-45E8-BBB5-C9CAA46A765D}.Release|x64.Build.0 = Release|Any CPU
		{1A98EA45-B428-45E8-BBB5-C9CAA46A765D}.Release|x86.ActiveCfg = Release|Any CPU
		{1A98EA45-B428-45E8-BBB5-C9CAA46A765D}.Release|x86.Build.0 = Release|Any CPU
		{E33498C7-5C6A-4E0A-8695-3957A9029995}.Debug|Any CPU.ActiveCfg = Debug|Any CPU
		{E33498C7-5C6A-4E0A-8695-3957A9029995}.Debug|Any CPU.Build.0 = Debug|Any CPU
		{E33498C7-5C6A-4E0A-8695-3957A9029995}.Debug|x64.ActiveCfg = Debug|Any CPU
		{E33498C7-5C6A-4E0A-8695-3957A9029995}.Debug|x64.Build.0 = Debug|Any CPU
		{E33498C7-5C6A-4E0A-8695-3957A9029995}.Debug|x86.ActiveCfg = Debug|Any CPU
		{E33498C7-5C6A-4E0A-8695-3957A9029995}.Debug|x86.Build.0 = Debug|Any CPU
		{E33498C7-5C6A-4E0A-8695-3957A9029995}.Release|Any CPU.ActiveCfg = Release|Any CPU
		{E33498C7-5C6A-4E0A-8695-3957A9029995}.Release|Any CPU.Build.0 = Release|Any CPU
		{E33498C7-5C6A-4E0A-8695-3957A9029995}.Release|x64.ActiveCfg = Release|Any CPU
		{E33498C7-5C6A-4E0A-8695-3957A9029995}.Release|x64.Build.0 = Release|Any CPU
		{E33498C7-5C6A-4E0A-8695-3957A9029995}.Release|x86.ActiveCfg = Release|Any CPU
		{E33498C7-5C6A-4E0A-8695-3957A9029995}.Release|x86.Build.0 = Release|Any CPU
		{E94550CF-E61E-4CCC-A6AA-5F22C94B13D7}.Debug|Any CPU.ActiveCfg = Debug|Any CPU
		{E94550CF-E61E-4CCC-A6AA-5F22C94B13D7}.Debug|Any CPU.Build.0 = Debug|Any CPU
		{E94550CF-E61E-4CCC-A6AA-5F22C94B13D7}.Debug|x64.ActiveCfg = Debug|Any CPU
		{E94550CF-E61E-4CCC-A6AA-5F22C94B13D7}.Debug|x64.Build.0 = Debug|Any CPU
		{E94550CF-E61E-4CCC-A6AA-5F22C94B13D7}.Debug|x86.ActiveCfg = Debug|Any CPU
		{E94550CF-E61E-4CCC-A6AA-5F22C94B13D7}.Debug|x86.Build.0 = Debug|Any CPU
		{E94550CF-E61E-4CCC-A6AA-5F22C94B13D7}.Release|Any CPU.ActiveCfg = Release|Any CPU
		{E94550CF-E61E-4CCC-A6AA-5F22C94B13D7}.Release|Any CPU.Build.0 = Release|Any CPU
		{E94550CF-E61E-4CCC-A6AA-5F22C94B13D7}.Release|x64.ActiveCfg = Release|Any CPU
		{E94550CF-E61E-4CCC-A6AA-5F22C94B13D7}.Release|x64.Build.0 = Release|Any CPU
		{E94550CF-E61E-4CCC-A6AA-5F22C94B13D7}.Release|x86.ActiveCfg = Release|Any CPU
		{E94550CF-E61E-4CCC-A6AA-5F22C94B13D7}.Release|x86.Build.0 = Release|Any CPU
		{3233D762-828D-477E-AEDB-0300ACD9ABD9}.Debug|Any CPU.ActiveCfg = Debug|Any CPU
		{3233D762-828D-477E-AEDB-0300ACD9ABD9}.Debug|Any CPU.Build.0 = Debug|Any CPU
		{3233D762-828D-477E-AEDB-0300ACD9ABD9}.Debug|x64.ActiveCfg = Debug|Any CPU
		{3233D762-828D-477E-AEDB-0300ACD9ABD9}.Debug|x64.Build.0 = Debug|Any CPU
		{3233D762-828D-477E-AEDB-0300ACD9ABD9}.Debug|x86.ActiveCfg = Debug|Any CPU
		{3233D762-828D-477E-AEDB-0300ACD9ABD9}.Debug|x86.Build.0 = Debug|Any CPU
		{3233D762-828D-477E-AEDB-0300ACD9ABD9}.Release|Any CPU.ActiveCfg = Release|Any CPU
		{3233D762-828D-477E-AEDB-0300ACD9ABD9}.Release|Any CPU.Build.0 = Release|Any CPU
		{3233D762-828D-477E-AEDB-0300ACD9ABD9}.Release|x64.ActiveCfg = Release|Any CPU
		{3233D762-828D-477E-AEDB-0300ACD9ABD9}.Release|x64.Build.0 = Release|Any CPU
		{3233D762-828D-477E-AEDB-0300ACD9ABD9}.Release|x86.ActiveCfg = Release|Any CPU
		{3233D762-828D-477E-AEDB-0300ACD9ABD9}.Release|x86.Build.0 = Release|Any CPU
		{8437B249-B11F-4DA2-BC2F-C222A858AEE0}.Debug|Any CPU.ActiveCfg = Debug|Any CPU
		{8437B249-B11F-4DA2-BC2F-C222A858AEE0}.Debug|Any CPU.Build.0 = Debug|Any CPU
		{8437B249-B11F-4DA2-BC2F-C222A858AEE0}.Debug|x64.ActiveCfg = Debug|Any CPU
		{8437B249-B11F-4DA2-BC2F-C222A858AEE0}.Debug|x64.Build.0 = Debug|Any CPU
		{8437B249-B11F-4DA2-BC2F-C222A858AEE0}.Debug|x86.ActiveCfg = Debug|Any CPU
		{8437B249-B11F-4DA2-BC2F-C222A858AEE0}.Debug|x86.Build.0 = Debug|Any CPU
		{8437B249-B11F-4DA2-BC2F-C222A858AEE0}.Release|Any CPU.ActiveCfg = Release|Any CPU
		{8437B249-B11F-4DA2-BC2F-C222A858AEE0}.Release|Any CPU.Build.0 = Release|Any CPU
		{8437B249-B11F-4DA2-BC2F-C222A858AEE0}.Release|x64.ActiveCfg = Release|Any CPU
		{8437B249-B11F-4DA2-BC2F-C222A858AEE0}.Release|x64.Build.0 = Release|Any CPU
		{8437B249-B11F-4DA2-BC2F-C222A858AEE0}.Release|x86.ActiveCfg = Release|Any CPU
		{8437B249-B11F-4DA2-BC2F-C222A858AEE0}.Release|x86.Build.0 = Release|Any CPU
		{CC9BB7A1-A29A-4453-A201-C59EC0C7F32B}.Debug|Any CPU.ActiveCfg = Debug|Any CPU
		{CC9BB7A1-A29A-4453-A201-C59EC0C7F32B}.Debug|Any CPU.Build.0 = Debug|Any CPU
		{CC9BB7A1-A29A-4453-A201-C59EC0C7F32B}.Debug|x64.ActiveCfg = Debug|Any CPU
		{CC9BB7A1-A29A-4453-A201-C59EC0C7F32B}.Debug|x64.Build.0 = Debug|Any CPU
		{CC9BB7A1-A29A-4453-A201-C59EC0C7F32B}.Debug|x86.ActiveCfg = Debug|Any CPU
		{CC9BB7A1-A29A-4453-A201-C59EC0C7F32B}.Debug|x86.Build.0 = Debug|Any CPU
		{CC9BB7A1-A29A-4453-A201-C59EC0C7F32B}.Release|Any CPU.ActiveCfg = Release|Any CPU
		{CC9BB7A1-A29A-4453-A201-C59EC0C7F32B}.Release|Any CPU.Build.0 = Release|Any CPU
		{CC9BB7A1-A29A-4453-A201-C59EC0C7F32B}.Release|x64.ActiveCfg = Release|Any CPU
		{CC9BB7A1-A29A-4453-A201-C59EC0C7F32B}.Release|x64.Build.0 = Release|Any CPU
		{CC9BB7A1-A29A-4453-A201-C59EC0C7F32B}.Release|x86.ActiveCfg = Release|Any CPU
		{CC9BB7A1-A29A-4453-A201-C59EC0C7F32B}.Release|x86.Build.0 = Release|Any CPU
		{17C899C6-7171-4E4A-89AC-251BAB9E3F4E}.Debug|Any CPU.ActiveCfg = Debug|Any CPU
		{17C899C6-7171-4E4A-89AC-251BAB9E3F4E}.Debug|Any CPU.Build.0 = Debug|Any CPU
		{17C899C6-7171-4E4A-89AC-251BAB9E3F4E}.Debug|x64.ActiveCfg = Debug|Any CPU
		{17C899C6-7171-4E4A-89AC-251BAB9E3F4E}.Debug|x64.Build.0 = Debug|Any CPU
		{17C899C6-7171-4E4A-89AC-251BAB9E3F4E}.Debug|x86.ActiveCfg = Debug|Any CPU
		{17C899C6-7171-4E4A-89AC-251BAB9E3F4E}.Debug|x86.Build.0 = Debug|Any CPU
		{17C899C6-7171-4E4A-89AC-251BAB9E3F4E}.Release|Any CPU.ActiveCfg = Release|Any CPU
		{17C899C6-7171-4E4A-89AC-251BAB9E3F4E}.Release|Any CPU.Build.0 = Release|Any CPU
		{17C899C6-7171-4E4A-89AC-251BAB9E3F4E}.Release|x64.ActiveCfg = Release|Any CPU
		{17C899C6-7171-4E4A-89AC-251BAB9E3F4E}.Release|x64.Build.0 = Release|Any CPU
		{17C899C6-7171-4E4A-89AC-251BAB9E3F4E}.Release|x86.ActiveCfg = Release|Any CPU
		{17C899C6-7171-4E4A-89AC-251BAB9E3F4E}.Release|x86.Build.0 = Release|Any CPU
	EndGlobalSection
	GlobalSection(SolutionProperties) = preSolution
		HideSolutionNode = FALSE
	EndGlobalSection
	GlobalSection(ExtensibilityGlobals) = postSolution
		SolutionGuid = {73495268-34FA-403B-A80C-F63189C6EC59}
	EndGlobalSection
EndGlobal
